
Microsoft Visual Studio Solution File, Format Version 12.00
# Visual Studio Version 16
VisualStudioVersion = 16.0.33423.256
MinimumVisualStudioVersion = 10.0.40219.1
Project("{FAE04EC0-301F-11D3-BF4B-00C04F79EFBC}") = "File_Decryptor", "File_Decryptor\File_Decryptor.csproj", "{0143A9F1-45B6-41CF-97FF-2040D6849BDF}"
EndProject
Global
	GlobalSection(SolutionConfigurationPlatforms) = preSolution
		Debug|Any CPU = Debug|Any CPU
		Release|Any CPU = Release|Any CPU
	EndGlobalSection
	GlobalSection(ProjectConfigurationPlatforms) = postSolution
		{0143A9F1-45B6-41CF-97FF-2040D6849BDF}.Debug|Any CPU.ActiveCfg = Debug|Any CPU
		{0143A9F1-45B6-41CF-97FF-2040D6849BDF}.Debug|Any CPU.Build.0 = Debug|Any CPU
		{0143A9F1-45B6-41CF-97FF-2040D6849BDF}.Release|Any CPU.ActiveCfg = Release|Any CPU
		{0143A9F1-45B6-41CF-97FF-2040D6849BDF}.Release|Any CPU.Build.0 = Release|Any CPU
	EndGlobalSection
	GlobalSection(SolutionProperties) = preSolution
		HideSolutionNode = FALSE
	EndGlobalSection
	GlobalSection(ExtensibilityGlobals) = postSolution
		SolutionGuid = {8E952EF8-DC73-4D7A-93BD-F89BA12B6E74}
	EndGlobalSection
EndGlobal
